// !$*UTF8*$!
{
	archiveVersion = 1;
	classes = {
	};
	objectVersion = 51;
	objects = {

/* Begin PBXBuildFile section */
		E1F09DE45F5BC2415A3449E7 /* Pods_CustomTableView.framework in Frameworks */ = {isa = PBXBuildFile; fileRef = 5D2C1AA4A6F49B43CC606522 /* Pods_CustomTableView.framework */; };
		FB0D2C1724233E8900027129 /* AppDelegate.swift in Sources */ = {isa = PBXBuildFile; fileRef = FB0D2C1624233E8900027129 /* AppDelegate.swift */; };
		FB0D2C1924233E8900027129 /* SceneDelegate.swift in Sources */ = {isa = PBXBuildFile; fileRef = FB0D2C1824233E8900027129 /* SceneDelegate.swift */; };
		FB0D2C1B24233E8900027129 /* ViewController.swift in Sources */ = {isa = PBXBuildFile; fileRef = FB0D2C1A24233E8900027129 /* ViewController.swift */; };
		FB0D2C1E24233E8900027129 /* Main.storyboard in Resources */ = {isa = PBXBuildFile; fileRef = FB0D2C1C24233E8900027129 /* Main.storyboard */; };
		FB0D2C2024233E8A00027129 /* Assets.xcassets in Resources */ = {isa = PBXBuildFile; fileRef = FB0D2C1F24233E8A00027129 /* Assets.xcassets */; };
		FB0D2C2324233E8A00027129 /* LaunchScreen.storyboard in Resources */ = {isa = PBXBuildFile; fileRef = FB0D2C2124233E8A00027129 /* LaunchScreen.storyboard */; };
		FB0D2C33242347A500027129 /* FeedTableViewCell.swift in Sources */ = {isa = PBXBuildFile; fileRef = FB0D2C31242347A500027129 /* FeedTableViewCell.swift */; };
		FB0D2C372423601100027129 /* UITableView+Extensions.swift in Sources */ = {isa = PBXBuildFile; fileRef = FB0D2C362423601100027129 /* UITableView+Extensions.swift */; };
		FB0D2C392423677200027129 /* Feed.swift in Sources */ = {isa = PBXBuildFile; fileRef = FB0D2C382423677200027129 /* Feed.swift */; };
		FB0D2C3C242385B000027129 /* preview.png in Resources */ = {isa = PBXBuildFile; fileRef = FB0D2C3B242385B000027129 /* preview.png */; };
/* End PBXBuildFile section */

/* Begin PBXFileReference section */
		163968368D7585CB6E6EA770 /* Pods-CustomTableView.release.xcconfig */ = {isa = PBXFileReference; includeInIndex = 1; lastKnownFileType = text.xcconfig; name = "Pods-CustomTableView.release.xcconfig"; path = "Target Support Files/Pods-CustomTableView/Pods-CustomTableView.release.xcconfig"; sourceTree = "<group>"; };
		5D2C1AA4A6F49B43CC606522 /* Pods_CustomTableView.framework */ = {isa = PBXFileReference; explicitFileType = wrapper.framework; includeInIndex = 0; path = Pods_CustomTableView.framework; sourceTree = BUILT_PRODUCTS_DIR; };
		F8B95D43BE04B3A82E5CC1D4 /* Pods-CustomTableView.debug.xcconfig */ = {isa = PBXFileReference; includeInIndex = 1; lastKnownFileType = text.xcconfig; name = "Pods-CustomTableView.debug.xcconfig"; path = "Target Support Files/Pods-CustomTableView/Pods-CustomTableView.debug.xcconfig"; sourceTree = "<group>"; };
		FB0D2C1324233E8900027129 /* CustomTableView.app */ = {isa = PBXFileReference; explicitFileType = wrapper.application; includeInIndex = 0; path = CustomTableView.app; sourceTree = BUILT_PRODUCTS_DIR; };
		FB0D2C1624233E8900027129 /* AppDelegate.swift */ = {isa = PBXFileReference; lastKnownFileType = sourcecode.swift; path = AppDelegate.swift; sourceTree = "<group>"; };
		FB0D2C1824233E8900027129 /* SceneDelegate.swift */ = {isa = PBXFileReference; lastKnownFileType = sourcecode.swift; path = SceneDelegate.swift; sourceTree = "<group>"; };
		FB0D2C1A24233E8900027129 /* ViewController.swift */ = {isa = PBXFileReference; lastKnownFileType = sourcecode.swift; path = ViewController.swift; sourceTree = "<group>"; };
		FB0D2C1D24233E8900027129 /* Base */ = {isa = PBXFileReference; lastKnownFileType = file.storyboard; name = Base; path = Base.lproj/Main.storyboard; sourceTree = "<group>"; };
		FB0D2C1F24233E8A00027129 /* Assets.xcassets */ = {isa = PBXFileReference; lastKnownFileType = folder.assetcatalog; path = Assets.xcassets; sourceTree = "<group>"; };
		FB0D2C2224233E8A00027129 /* Base */ = {isa = PBXFileReference; lastKnownFileType = file.storyboard; name = Base; path = Base.lproj/LaunchScreen.storyboard; sourceTree = "<group>"; };
		FB0D2C2424233E8A00027129 /* Info.plist */ = {isa = PBXFileReference; lastKnownFileType = text.plist.xml; path = Info.plist; sourceTree = "<group>"; };
		FB0D2C31242347A500027129 /* FeedTableViewCell.swift */ = {isa = PBXFileReference; lastKnownFileType = sourcecode.swift; path = FeedTableViewCell.swift; sourceTree = "<group>"; };
		FB0D2C362423601100027129 /* UITableView+Extensions.swift */ = {isa = PBXFileReference; lastKnownFileType = sourcecode.swift; path = "UITableView+Extensions.swift"; sourceTree = "<group>"; };
		FB0D2C382423677200027129 /* Feed.swift */ = {isa = PBXFileReference; lastKnownFileType = sourcecode.swift; path = Feed.swift; sourceTree = "<group>"; };
		FB0D2C3B242385B000027129 /* preview.png */ = {isa = PBXFileReference; lastKnownFileType = image.png; path = preview.png; sourceTree = "<group>"; };
		FB0D2C3D242385C000027129 /* README.md */ = {isa = PBXFileReference; lastKnownFileType = net.daringfireball.markdown; path = README.md; sourceTree = "<group>"; };
/* End PBXFileReference section */

/* Begin PBXFrameworksBuildPhase section */
		FB0D2C1024233E8900027129 /* Frameworks */ = {
			isa = PBXFrameworksBuildPhase;
			buildActionMask = 2147483647;
			files = (
				E1F09DE45F5BC2415A3449E7 /* Pods_CustomTableView.framework in Frameworks */,
			);
			runOnlyForDeploymentPostprocessing = 0;
		};
/* End PBXFrameworksBuildPhase section */

/* Begin PBXGroup section */
		167138DABCAF8B615E84713F /* Frameworks */ = {
			isa = PBXGroup;
			children = (
				5D2C1AA4A6F49B43CC606522 /* Pods_CustomTableView.framework */,
			);
			name = Frameworks;
			sourceTree = "<group>";
		};
		9283CF62AFC3563071DF5666 /* Pods */ = {
			isa = PBXGroup;
			children = (
				F8B95D43BE04B3A82E5CC1D4 /* Pods-CustomTableView.debug.xcconfig */,
				163968368D7585CB6E6EA770 /* Pods-CustomTableView.release.xcconfig */,
			);
			path = Pods;
			sourceTree = "<group>";
		};
		FB0D2C0A24233E8900027129 = {
			isa = PBXGroup;
			children = (
				FB0D2C3D242385C000027129 /* README.md */,
				FB0D2C3A2423857500027129 /* Screenshot */,
				FB0D2C1524233E8900027129 /* CustomTableView */,
				FB0D2C1424233E8900027129 /* Products */,
				9283CF62AFC3563071DF5666 /* Pods */,
				167138DABCAF8B615E84713F /* Frameworks */,
			);
			sourceTree = "<group>";
		};
		FB0D2C1424233E8900027129 /* Products */ = {
			isa = PBXGroup;
			children = (
				FB0D2C1324233E8900027129 /* CustomTableView.app */,
			);
			name = Products;
			sourceTree = "<group>";
		};
		FB0D2C1524233E8900027129 /* CustomTableView */ = {
			isa = PBXGroup;
			children = (
				FB0D2C3524235FFC00027129 /* Extensions */,
				FB0D2C2A24233FEA00027129 /* Feed */,
				FB0D2C1624233E8900027129 /* AppDelegate.swift */,
				FB0D2C1824233E8900027129 /* SceneDelegate.swift */,
				FB0D2C1A24233E8900027129 /* ViewController.swift */,
				FB0D2C1C24233E8900027129 /* Main.storyboard */,
				FB0D2C1F24233E8A00027129 /* Assets.xcassets */,
				FB0D2C2124233E8A00027129 /* LaunchScreen.storyboard */,
				FB0D2C2424233E8A00027129 /* Info.plist */,
			);
			path = CustomTableView;
			sourceTree = "<group>";
		};
		FB0D2C2A24233FEA00027129 /* Feed */ = {
			isa = PBXGroup;
			children = (
				FB0D2C31242347A500027129 /* FeedTableViewCell.swift */,
				FB0D2C382423677200027129 /* Feed.swift */,
			);
			path = Feed;
			sourceTree = "<group>";
		};
		FB0D2C3524235FFC00027129 /* Extensions */ = {
			isa = PBXGroup;
			children = (
				FB0D2C362423601100027129 /* UITableView+Extensions.swift */,
			);
			path = Extensions;
			sourceTree = "<group>";
		};
		FB0D2C3A2423857500027129 /* Screenshot */ = {
			isa = PBXGroup;
			children = (
				FB0D2C3B242385B000027129 /* preview.png */,
			);
			path = Screenshot;
			sourceTree = "<group>";
		};
/* End PBXGroup section */

/* Begin PBXNativeTarget section */
		FB0D2C1224233E8900027129 /* CustomTableView */ = {
			isa = PBXNativeTarget;
			buildConfigurationList = FB0D2C2724233E8A00027129 /* Build configuration list for PBXNativeTarget "CustomTableView" */;
			buildPhases = (
				3700BACDC02E631F221D0F2E /* [CP] Check Pods Manifest.lock */,
				FB0D2C0F24233E8900027129 /* Sources */,
				FB0D2C1024233E8900027129 /* Frameworks */,
				FB0D2C1124233E8900027129 /* Resources */,
				37A4D055F8FFC782B01EFC50 /* [CP] Embed Pods Frameworks */,
			);
			buildRules = (
			);
			dependencies = (
			);
			name = CustomTableView;
			productName = CustomTableView;
			productReference = FB0D2C1324233E8900027129 /* CustomTableView.app */;
			productType = "com.apple.product-type.application";
		};
/* End PBXNativeTarget section */

/* Begin PBXProject section */
		FB0D2C0B24233E8900027129 /* Project object */ = {
			isa = PBXProject;
			attributes = {
				LastSwiftUpdateCheck = 1120;
				LastUpgradeCheck = 1120;
				ORGANIZATIONNAME = Endtry;
				TargetAttributes = {
					FB0D2C1224233E8900027129 = {
						CreatedOnToolsVersion = 11.2.1;
					};
				};
			};
			buildConfigurationList = FB0D2C0E24233E8900027129 /* Build configuration list for PBXProject "CustomTableView" */;
			compatibilityVersion = "Xcode 9.3";
			developmentRegion = en;
			hasScannedForEncodings = 0;
			knownRegions = (
				en,
				Base,
			);
			mainGroup = FB0D2C0A24233E8900027129;
			productRefGroup = FB0D2C1424233E8900027129 /* Products */;
			projectDirPath = "";
			projectRoot = "";
			targets = (
				FB0D2C1224233E8900027129 /* CustomTableView */,
			);
		};
/* End PBXProject section */

/* Begin PBXResourcesBuildPhase section */
		FB0D2C1124233E8900027129 /* Resources */ = {
			isa = PBXResourcesBuildPhase;
			buildActionMask = 2147483647;
			files = (
				FB0D2C3C242385B000027129 /* preview.png in Resources */,
				FB0D2C2324233E8A00027129 /* LaunchScreen.storyboard in Resources */,
				FB0D2C2024233E8A00027129 /* Assets.xcassets in Resources */,
				FB0D2C1E24233E8900027129 /* Main.storyboard in Resources */,
			);
			runOnlyForDeploymentPostprocessing = 0;
		};
/* End PBXResourcesBuildPhase section */

/* Begin PBXShellScriptBuildPhase section */
		3700BACDC02E631F221D0F2E /* [CP] Check Pods Manifest.lock */ = {
			isa = PBXShellScriptBuildPhase;
			buildActionMask = 2147483647;
			files = (
			);
			inputFileListPaths = (
			);
			inputPaths = (
				"${PODS_PODFILE_DIR_PATH}/Podfile.lock",
				"${PODS_ROOT}/Manifest.lock",
			);
			name = "[CP] Check Pods Manifest.lock";
			outputFileListPaths = (
			);
			outputPaths = (
				"$(DERIVED_FILE_DIR)/Pods-CustomTableView-checkManifestLockResult.txt",
			);
			runOnlyForDeploymentPostprocessing = 0;
			shellPath = /bin/sh;
			shellScript = "diff \"${PODS_PODFILE_DIR_PATH}/Podfile.lock\" \"${PODS_ROOT}/Manifest.lock\" > /dev/null\nif [ $? != 0 ] ; then\n    # print error to STDERR\n    echo \"error: The sandbox is not in sync with the Podfile.lock. Run 'pod install' or update your CocoaPods installation.\" >&2\n    exit 1\nfi\n# This output is used by Xcode 'outputs' to avoid re-running this script phase.\necho \"SUCCESS\" > \"${SCRIPT_OUTPUT_FILE_0}\"\n";
			showEnvVarsInLog = 0;
		};
		37A4D055F8FFC782B01EFC50 /* [CP] Embed Pods Frameworks */ = {
			isa = PBXShellScriptBuildPhase;
			buildActionMask = 2147483647;
			files = (
			);
			inputFileListPaths = (
				"${PODS_ROOT}/Target Support Files/Pods-CustomTableView/Pods-CustomTableView-frameworks-${CONFIGURATION}-input-files.xcfilelist",
			);
			name = "[CP] Embed Pods Frameworks";
			outputFileListPaths = (
				"${PODS_ROOT}/Target Support Files/Pods-CustomTableView/Pods-CustomTableView-frameworks-${CONFIGURATION}-output-files.xcfilelist",
			);
			runOnlyForDeploymentPostprocessing = 0;
			shellPath = /bin/sh;
			shellScript = "\"${PODS_ROOT}/Target Support Files/Pods-CustomTableView/Pods-CustomTableView-frameworks.sh\"\n";
			showEnvVarsInLog = 0;
		};
/* End PBXShellScriptBuildPhase section */

/* Begin PBXSourcesBuildPhase section */
		FB0D2C0F24233E8900027129 /* Sources */ = {
			isa = PBXSourcesBuildPhase;
			buildActionMask = 2147483647;
			files = (
				FB0D2C372423601100027129 /* UITableView+Extensions.swift in Sources */,
				FB0D2C392423677200027129 /* Feed.swift in Sources */,
				FB0D2C1B24233E8900027129 /* ViewController.swift in Sources */,
				FB0D2C33242347A500027129 /* FeedTableViewCell.swift in Sources */,
				FB0D2C1724233E8900027129 /* AppDelegate.swift in Sources */,
				FB0D2C1924233E8900027129 /* SceneDelegate.swift in Sources */,
			);
			runOnlyForDeploymentPostprocessing = 0;
		};
/* End PBXSourcesBuildPhase section */

/* Begin PBXVariantGroup section */
		FB0D2C1C24233E8900027129 /* Main.storyboard */ = {
			isa = PBXVariantGroup;
			children = (
				FB0D2C1D24233E8900027129 /* Base */,
			);
			name = Main.storyboard;
			sourceTree = "<group>";
		};
		FB0D2C2124233E8A00027129 /* LaunchScreen.storyboard */ = {
			isa = PBXVariantGroup;
			children = (
				FB0D2C2224233E8A00027129 /* Base */,
			);
			name = LaunchScreen.storyboard;
			sourceTree = "<group>";
		};
/* End PBXVariantGroup section */

/* Begin XCBuildConfiguration section */
		FB0D2C2524233E8A00027129 /* Debug */ = {
			isa = XCBuildConfiguration;
			buildSettings = {
				ALWAYS_SEARCH_USER_PATHS = NO;
				CLANG_ANALYZER_NONNULL = YES;
				CLANG_ANALYZER_NUMBER_OBJECT_CONVERSION = YES_AGGRESSIVE;
				CLANG_CXX_LANGUAGE_STANDARD = "gnu++14";
				CLANG_CXX_LIBRARY = "libc++";
				CLANG_ENABLE_MODULES = YES;
				CLANG_ENABLE_OBJC_ARC = YES;
				CLANG_ENABLE_OBJC_WEAK = YES;
				CLANG_WARN_BLOCK_CAPTURE_AUTORELEASING = YES;
				CLANG_WARN_BOOL_CONVERSION = YES;
				CLANG_WARN_COMMA = YES;
				CLANG_WARN_CONSTANT_CONVERSION = YES;
				CLANG_WARN_DEPRECATED_OBJC_IMPLEMENTATIONS = YES;
				CLANG_WARN_DIRECT_OBJC_ISA_USAGE = YES_ERROR;
				CLANG_WARN_DOCUMENTATION_COMMENTS = YES;
				CLANG_WARN_EMPTY_BODY = YES;
				CLANG_WARN_ENUM_CONVERSION = YES;
				CLANG_WARN_INFINITE_RECURSION = YES;
				CLANG_WARN_INT_CONVERSION = YES;
				CLANG_WARN_NON_LITERAL_NULL_CONVERSION = YES;
				CLANG_WARN_OBJC_IMPLICIT_RETAIN_SELF = YES;
				CLANG_WARN_OBJC_LITERAL_CONVERSION = YES;
				CLANG_WARN_OBJC_ROOT_CLASS = YES_ERROR;
				CLANG_WARN_RANGE_LOOP_ANALYSIS = YES;
				CLANG_WARN_STRICT_PROTOTYPES = YES;
				CLANG_WARN_SUSPICIOUS_MOVE = YES;
				CLANG_WARN_UNGUARDED_AVAILABILITY = YES_AGGRESSIVE;
				CLANG_WARN_UNREACHABLE_CODE = YES;
				CLANG_WARN__DUPLICATE_METHOD_MATCH = YES;
				COPY_PHASE_STRIP = NO;
				DEBUG_INFORMATION_FORMAT = dwarf;
				ENABLE_STRICT_OBJC_MSGSEND = YES;
				ENABLE_TESTABILITY = YES;
				GCC_C_LANGUAGE_STANDARD = gnu11;
				GCC_DYNAMIC_NO_PIC = NO;
				GCC_NO_COMMON_BLOCKS = YES;
				GCC_OPTIMIZATION_LEVEL = 0;
				GCC_PREPROCESSOR_DEFINITIONS = (
					"DEBUG=1",
					"$(inherited)",
				);
				GCC_WARN_64_TO_32_BIT_CONVERSION = YES;
				GCC_WARN_ABOUT_RETURN_TYPE = YES_ERROR;
				GCC_WARN_UNDECLARED_SELECTOR = YES;
				GCC_WARN_UNINITIALIZED_AUTOS = YES_AGGRESSIVE;
				GCC_WARN_UNUSED_FUNCTION = YES;
				GCC_WARN_UNUSED_VARIABLE = YES;
				IPHONEOS_DEPLOYMENT_TARGET = 13.2;
				MTL_ENABLE_DEBUG_INFO = INCLUDE_SOURCE;
				MTL_FAST_MATH = YES;
				ONLY_ACTIVE_ARCH = YES;
				SDKROOT = iphoneos;
				SWIFT_ACTIVE_COMPILATION_CONDITIONS = DEBUG;
				SWIFT_OPTIMIZATION_LEVEL = "-Onone";
			};
			name = Debug;
		};
		FB0D2C2624233E8A00027129 /* Release */ = {
			isa = XCBuildConfiguration;
			buildSettings = {
				ALWAYS_SEARCH_USER_PATHS = NO;
				CLANG_ANALYZER_NONNULL = YES;
				CLANG_ANALYZER_NUMBER_OBJECT_CONVERSION = YES_AGGRESSIVE;
				CLANG_CXX_LANGUAGE_STANDARD = "gnu++14";
				CLANG_CXX_LIBRARY = "libc++";
				CLANG_ENABLE_MODULES = YES;
				CLANG_ENABLE_OBJC_ARC = YES;
				CLANG_ENABLE_OBJC_WEAK = YES;
				CLANG_WARN_BLOCK_CAPTURE_AUTORELEASING = YES;
				CLANG_WARN_BOOL_CONVERSION = YES;
				CLANG_WARN_COMMA = YES;
				CLANG_WARN_CONSTANT_CONVERSION = YES;
				CLANG_WARN_DEPRECATED_OBJC_IMPLEMENTATIONS = YES;
				CLANG_WARN_DIRECT_OBJC_ISA_USAGE = YES_ERROR;
				CLANG_WARN_DOCUMENTATION_COMMENTS = YES;
				CLANG_WARN_EMPTY_BODY = YES;
				CLANG_WARN_ENUM_CONVERSION = YES;
				CLANG_WARN_INFINITE_RECURSION = YES;
				CLANG_WARN_INT_CONVERSION = YES;
				CLANG_WARN_NON_LITERAL_NULL_CONVERSION = YES;
				CLANG_WARN_OBJC_IMPLICIT_RETAIN_SELF = YES;
				CLANG_WARN_OBJC_LITERAL_CONVERSION = YES;
				CLANG_WARN_OBJC_ROOT_CLASS = YES_ERROR;
				CLANG_WARN_RANGE_LOOP_ANALYSIS = YES;
				CLANG_WARN_STRICT_PROTOTYPES = YES;
				CLANG_WARN_SUSPICIOUS_MOVE = YES;
				CLANG_WARN_UNGUARDED_AVAILABILITY = YES_AGGRESSIVE;
				CLANG_WARN_UNREACHABLE_CODE = YES;
				CLANG_WARN__DUPLICATE_METHOD_MATCH = YES;
				COPY_PHASE_STRIP = NO;
				DEBUG_INFORMATION_FORMAT = "dwarf-with-dsym";
				ENABLE_NS_ASSERTIONS = NO;
				ENABLE_STRICT_OBJC_MSGSEND = YES;
				GCC_C_LANGUAGE_STANDARD = gnu11;
				GCC_NO_COMMON_BLOCKS = YES;
				GCC_WARN_64_TO_32_BIT_CONVERSION = YES;
				GCC_WARN_ABOUT_RETURN_TYPE = YES_ERROR;
				GCC_WARN_UNDECLARED_SELECTOR = YES;
				GCC_WARN_UNINITIALIZED_AUTOS = YES_AGGRESSIVE;
				GCC_WARN_UNUSED_FUNCTION = YES;
				GCC_WARN_UNUSED_VARIABLE = YES;
				IPHONEOS_DEPLOYMENT_TARGET = 13.2;
				MTL_ENABLE_DEBUG_INFO = NO;
				MTL_FAST_MATH = YES;
				SDKROOT = iphoneos;
				SWIFT_COMPILATION_MODE = wholemodule;
				SWIFT_OPTIMIZATION_LEVEL = "-O";
				VALIDATE_PRODUCT = YES;
			};
			name = Release;
		};
		FB0D2C2824233E8A00027129 /* Debug */ = {
			isa = XCBuildConfiguration;
			baseConfigurationReference = F8B95D43BE04B3A82E5CC1D4 /* Pods-CustomTableView.debug.xcconfig */;
			buildSettings = {
				ASSETCATALOG_COMPILER_APPICON_NAME = AppIcon;
				CODE_SIGN_STYLE = Automatic;
				DEVELOPMENT_TEAM = 3ATXW43MG6;
				INFOPLIST_FILE = CustomTableView/Info.plist;
				LD_RUNPATH_SEARCH_PATHS = (
					"$(inherited)",
					"@executable_path/Frameworks",
				);
				PRODUCT_BUNDLE_IDENTIFIER = com.prongbang.CustomTableView;
				PRODUCT_NAME = "$(TARGET_NAME)";
				SWIFT_VERSION = 5.0;
				TARGETED_DEVICE_FAMILY = "1,2";
			};
			name = Debug;
		};
		FB0D2C2924233E8A00027129 /* Release */ = {
			isa = XCBuildConfiguration;
			baseConfigurationReference = 163968368D7585CB6E6EA770 /* Pods-CustomTableView.release.xcconfig */;
			buildSettings = {
				ASSETCATALOG_COMPILER_APPICON_NAME = AppIcon;
				CODE_SIGN_STYLE = Automatic;
				DEVELOPMENT_TEAM = 3ATXW43MG6;
				INFOPLIST_FILE = CustomTableView/Info.plist;
				LD_RUNPATH_SEARCH_PATHS = (
					"$(inherited)",
					"@executable_path/Frameworks",
				);
				PRODUCT_BUNDLE_IDENTIFIER = com.prongbang.CustomTableView;
				PRODUCT_NAME = "$(TARGET_NAME)";
				SWIFT_VERSION = 5.0;
				TARGETED_DEVICE_FAMILY = "1,2";
			};
			name = Release;
		};
/* End XCBuildConfiguration section */

/* Begin XCConfigurationList section */
		FB0D2C0E24233E8900027129 /* Build configuration list for PBXProject "CustomTableView" */ = {
			isa = XCConfigurationList;
			buildConfigurations = (
				FB0D2C2524233E8A00027129 /* Debug */,
				FB0D2C2624233E8A00027129 /* Release */,
			);
			defaultConfigurationIsVisible = 0;
			defaultConfigurationName = Release;
		};
		FB0D2C2724233E8A00027129 /* Build configuration list for PBXNativeTarget "CustomTableView" */ = {
			isa = XCConfigurationList;
			buildConfigurations = (
				FB0D2C2824233E8A00027129 /* Debug */,
				FB0D2C2924233E8A00027129 /* Release */,
			);
			defaultConfigurationIsVisible = 0;
			defaultConfigurationName = Release;
		};
/* End XCConfigurationList section */
	};
	rootObject = FB0D2C0B24233E8900027129 /* Project object */;
}
